
Microsoft Visual Studio Solution File, Format Version 12.00
# Visual Studio Version 17
VisualStudioVersion = 17.2.32616.157
MinimumVisualStudioVersion = 10.0.40219.1
Project("{F184B08F-C81C-45F6-A57F-5ABD9991F28F}") = "PROJECT_PLC_Final", "PROJECT_PLC_Final\PROJECT_PLC_Final.vbproj", "{A7C2B86E-3B5A-40DA-8643-FB79CB45A762}"
EndProject
Global
	GlobalSection(SolutionConfigurationPlatforms) = preSolution
		Debug|Any CPU = Debug|Any CPU
		Release|Any CPU = Release|Any CPU
	EndGlobalSection
	GlobalSection(ProjectConfigurationPlatforms) = postSolution
		{A7C2B86E-3B5A-40DA-8643-FB79CB45A762}.Debug|Any CPU.ActiveCfg = Debug|Any CPU
		{A7C2B86E-3B5A-40DA-8643-FB79CB45A762}.Debug|Any CPU.Build.0 = Debug|Any CPU
		{A7C2B86E-3B5A-40DA-8643-FB79CB45A762}.Release|Any CPU.ActiveCfg = Release|Any CPU
		{A7C2B86E-3B5A-40DA-8643-FB79CB45A762}.Release|Any CPU.Build.0 = Release|Any CPU
	EndGlobalSection
	GlobalSection(SolutionProperties) = preSolution
		HideSolutionNode = FALSE
	EndGlobalSection
	GlobalSection(ExtensibilityGlobals) = postSolution
		SolutionGuid = {6488B84E-8111-4359-8F14-E30A4B294B91}
	EndGlobalSection
EndGlobal
